
Microsoft Visual Studio Solution File, Format Version 12.00
# Visual Studio Version 16
VisualStudioVersion = 16.0.31424.327
MinimumVisualStudioVersion = 10.0.40219.1
Project("{F184B08F-C81C-45F6-A57F-5ABD9991F28F}") = "crud_linq1", "crud_linq1\crud_linq1.vbproj", "{A19DB32A-F5DD-4CB3-B304-1B327C9BF63A}"
EndProject
Global
	GlobalSection(SolutionConfigurationPlatforms) = preSolution
		Debug|Any CPU = Debug|Any CPU
		Release|Any CPU = Release|Any CPU
	EndGlobalSection
	GlobalSection(ProjectConfigurationPlatforms) = postSolution
		{A19DB32A-F5DD-4CB3-B304-1B327C9BF63A}.Debug|Any CPU.ActiveCfg = Debug|Any CPU
		{A19DB32A-F5DD-4CB3-B304-1B327C9BF63A}.Debug|Any CPU.Build.0 = Debug|Any CPU
		{A19DB32A-F5DD-4CB3-B304-1B327C9BF63A}.Release|Any CPU.ActiveCfg = Release|Any CPU
		{A19DB32A-F5DD-4CB3-B304-1B327C9BF63A}.Release|Any CPU.Build.0 = Release|Any CPU
	EndGlobalSection
	GlobalSection(SolutionProperties) = preSolution
		HideSolutionNode = FALSE
	EndGlobalSection
	GlobalSection(ExtensibilityGlobals) = postSolution
		SolutionGuid = {22D44314-C725-433A-BC90-8F73226384F2}
	EndGlobalSection
EndGlobal
