
Microsoft Visual Studio Solution File, Format Version 12.00
# Visual Studio Version 16
VisualStudioVersion = 16.0.31424.327
MinimumVisualStudioVersion = 10.0.40219.1
Project("{FAE04EC0-301F-11D3-BF4B-00C04F79EFBC}") = "generics", "generics.csproj", "{3D0785DA-6DCC-47B8-9159-825D4366AAC6}"
EndProject
Global
	GlobalSection(SolutionConfigurationPlatforms) = preSolution
		Debug|Any CPU = Debug|Any CPU
		Release|Any CPU = Release|Any CPU
	EndGlobalSection
	GlobalSection(ProjectConfigurationPlatforms) = postSolution
		{3D0785DA-6DCC-47B8-9159-825D4366AAC6}.Debug|Any CPU.ActiveCfg = Debug|Any CPU
		{3D0785DA-6DCC-47B8-9159-825D4366AAC6}.Debug|Any CPU.Build.0 = Debug|Any CPU
		{3D0785DA-6DCC-47B8-9159-825D4366AAC6}.Release|Any CPU.ActiveCfg = Release|Any CPU
		{3D0785DA-6DCC-47B8-9159-825D4366AAC6}.Release|Any CPU.Build.0 = Release|Any CPU
	EndGlobalSection
	GlobalSection(SolutionProperties) = preSolution
		HideSolutionNode = FALSE
	EndGlobalSection
	GlobalSection(ExtensibilityGlobals) = postSolution
		SolutionGuid = {4AEB5A1D-58CC-4ED7-87A7-B531BA751039}
	EndGlobalSection
EndGlobal
